
Microsoft Visual Studio Solution File, Format Version 12.00
Project("{F2A71F9B-5D33-465A-A702-920D77279786}") = "QRDecomposition", "QRDecomposition\QRDecomposition.fsproj", "{BC35F26C-74A5-4D76-8D3E-D1608E080E65}"
EndProject
Project("{F2A71F9B-5D33-465A-A702-920D77279786}") = "QRDecompositionTests", "QRDecompositionTests\QRDecompositionTests.fsproj", "{885282A8-2CAC-4AAC-B6EE-A2D18269D11F}"
EndProject
Global
	GlobalSection(SolutionConfigurationPlatforms) = preSolution
		Debug|Any CPU = Debug|Any CPU
		Release|Any CPU = Release|Any CPU
	EndGlobalSection
	GlobalSection(ProjectConfigurationPlatforms) = postSolution
		{BC35F26C-74A5-4D76-8D3E-D1608E080E65}.Debug|Any CPU.ActiveCfg = Debug|Any CPU
		{BC35F26C-74A5-4D76-8D3E-D1608E080E65}.Debug|Any CPU.Build.0 = Debug|Any CPU
		{BC35F26C-74A5-4D76-8D3E-D1608E080E65}.Release|Any CPU.ActiveCfg = Release|Any CPU
		{BC35F26C-74A5-4D76-8D3E-D1608E080E65}.Release|Any CPU.Build.0 = Release|Any CPU
		{885282A8-2CAC-4AAC-B6EE-A2D18269D11F}.Debug|Any CPU.ActiveCfg = Debug|Any CPU
		{885282A8-2CAC-4AAC-B6EE-A2D18269D11F}.Debug|Any CPU.Build.0 = Debug|Any CPU
		{885282A8-2CAC-4AAC-B6EE-A2D18269D11F}.Release|Any CPU.ActiveCfg = Release|Any CPU
		{885282A8-2CAC-4AAC-B6EE-A2D18269D11F}.Release|Any CPU.Build.0 = Release|Any CPU
	EndGlobalSection
EndGlobal
