
Microsoft Visual Studio Solution File, Format Version 12.00
Project("{F2A71F9B-5D33-465A-A702-920D77279786}") = "EigenvaluePartialProblem", "EigenvaluePartialProblem\EigenvaluePartialProblem.fsproj", "{1A7CCF85-9CEE-454B-9598-DF167BCD6515}"
EndProject
Project("{F2A71F9B-5D33-465A-A702-920D77279786}") = "Tests", "Tests\Tests.fsproj", "{8EF3CE34-48A8-45A3-A732-8F1E4900CF23}"
EndProject
Global
	GlobalSection(SolutionConfigurationPlatforms) = preSolution
		Debug|Any CPU = Debug|Any CPU
		Release|Any CPU = Release|Any CPU
	EndGlobalSection
	GlobalSection(ProjectConfigurationPlatforms) = postSolution
		{1A7CCF85-9CEE-454B-9598-DF167BCD6515}.Debug|Any CPU.ActiveCfg = Debug|Any CPU
		{1A7CCF85-9CEE-454B-9598-DF167BCD6515}.Debug|Any CPU.Build.0 = Debug|Any CPU
		{1A7CCF85-9CEE-454B-9598-DF167BCD6515}.Release|Any CPU.ActiveCfg = Release|Any CPU
		{1A7CCF85-9CEE-454B-9598-DF167BCD6515}.Release|Any CPU.Build.0 = Release|Any CPU
		{8EF3CE34-48A8-45A3-A732-8F1E4900CF23}.Debug|Any CPU.ActiveCfg = Debug|Any CPU
		{8EF3CE34-48A8-45A3-A732-8F1E4900CF23}.Debug|Any CPU.Build.0 = Debug|Any CPU
		{8EF3CE34-48A8-45A3-A732-8F1E4900CF23}.Release|Any CPU.ActiveCfg = Release|Any CPU
		{8EF3CE34-48A8-45A3-A732-8F1E4900CF23}.Release|Any CPU.Build.0 = Release|Any CPU
	EndGlobalSection
EndGlobal
