
Microsoft Visual Studio Solution File, Format Version 12.00
Project("{F2A71F9B-5D33-465A-A702-920D77279786}") = "ConditionNumbers", "ConditionNumbers\ConditionNumbers.fsproj", "{1F631FA6-8E6F-438B-A1C3-AE2F65011F22}"
EndProject
Project("{F2A71F9B-5D33-465A-A702-920D77279786}") = "ConditionNumbersTests", "ConditionNumbersTests\ConditionNumbersTests.fsproj", "{F6E7A3CD-D1A7-49ED-9321-C8FEB0A1C65D}"
EndProject
Global
	GlobalSection(SolutionConfigurationPlatforms) = preSolution
		Debug|Any CPU = Debug|Any CPU
		Release|Any CPU = Release|Any CPU
	EndGlobalSection
	GlobalSection(ProjectConfigurationPlatforms) = postSolution
		{1F631FA6-8E6F-438B-A1C3-AE2F65011F22}.Debug|Any CPU.ActiveCfg = Debug|Any CPU
		{1F631FA6-8E6F-438B-A1C3-AE2F65011F22}.Debug|Any CPU.Build.0 = Debug|Any CPU
		{1F631FA6-8E6F-438B-A1C3-AE2F65011F22}.Release|Any CPU.ActiveCfg = Release|Any CPU
		{1F631FA6-8E6F-438B-A1C3-AE2F65011F22}.Release|Any CPU.Build.0 = Release|Any CPU
		{F6E7A3CD-D1A7-49ED-9321-C8FEB0A1C65D}.Debug|Any CPU.ActiveCfg = Debug|Any CPU
		{F6E7A3CD-D1A7-49ED-9321-C8FEB0A1C65D}.Debug|Any CPU.Build.0 = Debug|Any CPU
		{F6E7A3CD-D1A7-49ED-9321-C8FEB0A1C65D}.Release|Any CPU.ActiveCfg = Release|Any CPU
		{F6E7A3CD-D1A7-49ED-9321-C8FEB0A1C65D}.Release|Any CPU.Build.0 = Release|Any CPU
	EndGlobalSection
EndGlobal
